
Microsoft Visual Studio Solution File, Format Version 12.00
Project("{FAE04EC0-301F-11D3-BF4B-00C04F79EFBC}") = "Project.Test", "Project.Test\Project.Test.csproj", "{BB5C2DC0-A0E1-4E9C-B450-37DDAEE4739F}"
EndProject
Project("{FAE04EC0-301F-11D3-BF4B-00C04F79EFBC}") = "Project", "Project\Project.csproj", "{16791C2C-348C-46A7-A28D-97AEAB11DC2C}"
EndProject
Global
	GlobalSection(SolutionConfigurationPlatforms) = preSolution
		Debug|Any CPU = Debug|Any CPU
		Release|Any CPU = Release|Any CPU
	EndGlobalSection
	GlobalSection(ProjectConfigurationPlatforms) = postSolution
		{BB5C2DC0-A0E1-4E9C-B450-37DDAEE4739F}.Debug|Any CPU.ActiveCfg = Debug|Any CPU
		{BB5C2DC0-A0E1-4E9C-B450-37DDAEE4739F}.Debug|Any CPU.Build.0 = Debug|Any CPU
		{BB5C2DC0-A0E1-4E9C-B450-37DDAEE4739F}.Release|Any CPU.ActiveCfg = Release|Any CPU
		{BB5C2DC0-A0E1-4E9C-B450-37DDAEE4739F}.Release|Any CPU.Build.0 = Release|Any CPU
		{16791C2C-348C-46A7-A28D-97AEAB11DC2C}.Debug|Any CPU.ActiveCfg = Debug|Any CPU
		{16791C2C-348C-46A7-A28D-97AEAB11DC2C}.Debug|Any CPU.Build.0 = Debug|Any CPU
		{16791C2C-348C-46A7-A28D-97AEAB11DC2C}.Release|Any CPU.ActiveCfg = Release|Any CPU
		{16791C2C-348C-46A7-A28D-97AEAB11DC2C}.Release|Any CPU.Build.0 = Release|Any CPU
	EndGlobalSection
EndGlobal
